// !$*UTF8*$!
{
	archiveVersion = 1;
	classes = {
	};
	objectVersion = 54;
	objects = {

/* Begin PBXBuildFile section */
		3F1D598D276B118800565A6E /* CoreDataWorker.swift in Sources */ = {isa = PBXBuildFile; fileRef = 3F1D598C276B118800565A6E /* CoreDataWorker.swift */; };
		3F29404027608CFE0041738D /* EditViewController.swift in Sources */ = {isa = PBXBuildFile; fileRef = 3F29403C27608CFE0041738D /* EditViewController.swift */; };
		3F29404127608CFE0041738D /* EditInteractor.swift in Sources */ = {isa = PBXBuildFile; fileRef = 3F29403D27608CFE0041738D /* EditInteractor.swift */; };
		3F29404227608CFE0041738D /* EditPresenter.swift in Sources */ = {isa = PBXBuildFile; fileRef = 3F29403E27608CFE0041738D /* EditPresenter.swift */; };
		3F29404527608D8C0041738D /* EditAssembler.swift in Sources */ = {isa = PBXBuildFile; fileRef = 3F29404427608D8C0041738D /* EditAssembler.swift */; };
		3F29404727608DAA0041738D /* EditRouter.swift in Sources */ = {isa = PBXBuildFile; fileRef = 3F29404627608DAA0041738D /* EditRouter.swift */; };
		3F58EAD0276F951E00CBACAC /* ToDoItem+CoreDataClass.swift in Sources */ = {isa = PBXBuildFile; fileRef = 3FDCA832276F89FB0044024F /* ToDoItem+CoreDataClass.swift */; };
		3F58EAD1276F953700CBACAC /* ToDoItem+CoreDataProperties.swift in Sources */ = {isa = PBXBuildFile; fileRef = 3FDCA833276F89FB0044024F /* ToDoItem+CoreDataProperties.swift */; };
		3F58EAD4276F962200CBACAC /* Subtask+CoreDataProperties.swift in Sources */ = {isa = PBXBuildFile; fileRef = 3FDCA831276F89FB0044024F /* Subtask+CoreDataProperties.swift */; };
		3F58EAD5276F962200CBACAC /* Subtask+CoreDataClass.swift in Sources */ = {isa = PBXBuildFile; fileRef = 3FDCA830276F89FB0044024F /* Subtask+CoreDataClass.swift */; };
		3F58EAD72770595100CBACAC /* CoreDataRelayContainer.swift in Sources */ = {isa = PBXBuildFile; fileRef = 3F58EAD62770595100CBACAC /* CoreDataRelayContainer.swift */; };
		3F6D0ECB275DDF9E001C72FA /* Main.storyboard in Resources */ = {isa = PBXBuildFile; fileRef = 3F6D0ECA275DDF9E001C72FA /* Main.storyboard */; };
		3F7E3C5A276F8E5500EB912E /* ToDoVIPER.xcdatamodeld in Sources */ = {isa = PBXBuildFile; fileRef = 3FDCB9B02757403B00ACB317 /* ToDoVIPER.xcdatamodeld */; };
		3FDCB9A82757403B00ACB317 /* AppDelegate.swift in Sources */ = {isa = PBXBuildFile; fileRef = 3FDCB9A72757403B00ACB317 /* AppDelegate.swift */; };
		3FDCB9AA2757403B00ACB317 /* SceneDelegate.swift in Sources */ = {isa = PBXBuildFile; fileRef = 3FDCB9A92757403B00ACB317 /* SceneDelegate.swift */; };
		3FDCB9B42757403D00ACB317 /* Assets.xcassets in Resources */ = {isa = PBXBuildFile; fileRef = 3FDCB9B32757403D00ACB317 /* Assets.xcassets */; };
		3FDCB9B72757403D00ACB317 /* LaunchScreen.storyboard in Resources */ = {isa = PBXBuildFile; fileRef = 3FDCB9B52757403D00ACB317 /* LaunchScreen.storyboard */; };
		3FDCB9CC2757403D00ACB317 /* ToDoVIPERUITests.swift in Sources */ = {isa = PBXBuildFile; fileRef = 3FDCB9CB2757403D00ACB317 /* ToDoVIPERUITests.swift */; };
		3FDCB9CE2757403D00ACB317 /* ToDoVIPERUITestsLaunchTests.swift in Sources */ = {isa = PBXBuildFile; fileRef = 3FDCB9CD2757403D00ACB317 /* ToDoVIPERUITestsLaunchTests.swift */; };
		3FDCB9E42757449300ACB317 /* MainAssembler.swift in Sources */ = {isa = PBXBuildFile; fileRef = 3FDCB9E32757449300ACB317 /* MainAssembler.swift */; };
		3FDCB9E62757449E00ACB317 /* MainViewController.swift in Sources */ = {isa = PBXBuildFile; fileRef = 3FDCB9E52757449E00ACB317 /* MainViewController.swift */; };
		3FDCB9E8275744A400ACB317 /* MainPresenter.swift in Sources */ = {isa = PBXBuildFile; fileRef = 3FDCB9E7275744A400ACB317 /* MainPresenter.swift */; };
		3FDCB9EA275744A900ACB317 /* MainInteractor.swift in Sources */ = {isa = PBXBuildFile; fileRef = 3FDCB9E9275744A900ACB317 /* MainInteractor.swift */; };
		3FDCB9EC275744B000ACB317 /* MainRouter.swift in Sources */ = {isa = PBXBuildFile; fileRef = 3FDCB9EB275744B000ACB317 /* MainRouter.swift */; };
		3FDCB9F02757451000ACB317 /* MainAssemblyTests.swift in Sources */ = {isa = PBXBuildFile; fileRef = 3FDCB9EF2757451000ACB317 /* MainAssemblyTests.swift */; };
		3FDCB9F22757452500ACB317 /* MainInteractorTests.swift in Sources */ = {isa = PBXBuildFile; fileRef = 3FDCB9F12757452500ACB317 /* MainInteractorTests.swift */; };
		3FDCB9F42757452D00ACB317 /* MainPresenterTests.swift in Sources */ = {isa = PBXBuildFile; fileRef = 3FDCB9F32757452D00ACB317 /* MainPresenterTests.swift */; };
		3FDCB9F62757453400ACB317 /* MainRouterTests.swift in Sources */ = {isa = PBXBuildFile; fileRef = 3FDCB9F52757453400ACB317 /* MainRouterTests.swift */; };
		3FDCB9F82757453D00ACB317 /* MainViewControllerTests.swift in Sources */ = {isa = PBXBuildFile; fileRef = 3FDCB9F72757453D00ACB317 /* MainViewControllerTests.swift */; };
		3FEE8E2A27648B24009CF1A0 /* EditViewController.xib in Resources */ = {isa = PBXBuildFile; fileRef = 3FEE8E2927648B24009CF1A0 /* EditViewController.xib */; };
		3FEE8E3427649DC3009CF1A0 /* Strings.swift in Sources */ = {isa = PBXBuildFile; fileRef = 3FEE8E3327649DC3009CF1A0 /* Strings.swift */; };
/* End PBXBuildFile section */

/* Begin PBXContainerItemProxy section */
		3FDCB9BE2757403D00ACB317 /* PBXContainerItemProxy */ = {
			isa = PBXContainerItemProxy;
			containerPortal = 3FDCB99C2757403B00ACB317 /* Project object */;
			proxyType = 1;
			remoteGlobalIDString = 3FDCB9A32757403B00ACB317;
			remoteInfo = ToDoVIPER;
		};
		3FDCB9C82757403D00ACB317 /* PBXContainerItemProxy */ = {
			isa = PBXContainerItemProxy;
			containerPortal = 3FDCB99C2757403B00ACB317 /* Project object */;
			proxyType = 1;
			remoteGlobalIDString = 3FDCB9A32757403B00ACB317;
			remoteInfo = ToDoVIPER;
		};
/* End PBXContainerItemProxy section */

/* Begin PBXFileReference section */
		3F1D598C276B118800565A6E /* CoreDataWorker.swift */ = {isa = PBXFileReference; lastKnownFileType = sourcecode.swift; path = CoreDataWorker.swift; sourceTree = "<group>"; };
		3F29403C27608CFE0041738D /* EditViewController.swift */ = {isa = PBXFileReference; fileEncoding = 4; lastKnownFileType = sourcecode.swift; path = EditViewController.swift; sourceTree = "<group>"; };
		3F29403D27608CFE0041738D /* EditInteractor.swift */ = {isa = PBXFileReference; fileEncoding = 4; lastKnownFileType = sourcecode.swift; path = EditInteractor.swift; sourceTree = "<group>"; };
		3F29403E27608CFE0041738D /* EditPresenter.swift */ = {isa = PBXFileReference; fileEncoding = 4; lastKnownFileType = sourcecode.swift; path = EditPresenter.swift; sourceTree = "<group>"; };
		3F29404427608D8C0041738D /* EditAssembler.swift */ = {isa = PBXFileReference; lastKnownFileType = sourcecode.swift; path = EditAssembler.swift; sourceTree = "<group>"; };
		3F29404627608DAA0041738D /* EditRouter.swift */ = {isa = PBXFileReference; lastKnownFileType = sourcecode.swift; path = EditRouter.swift; sourceTree = "<group>"; };
		3F294048276091F20041738D /* README.md */ = {isa = PBXFileReference; lastKnownFileType = net.daringfireball.markdown; path = README.md; sourceTree = "<group>"; };
		3F58EAD62770595100CBACAC /* CoreDataRelayContainer.swift */ = {isa = PBXFileReference; lastKnownFileType = sourcecode.swift; path = CoreDataRelayContainer.swift; sourceTree = "<group>"; };
		3F6D0ECA275DDF9E001C72FA /* Main.storyboard */ = {isa = PBXFileReference; lastKnownFileType = file.storyboard; path = Main.storyboard; sourceTree = "<group>"; };
		3FDCA830276F89FB0044024F /* Subtask+CoreDataClass.swift */ = {isa = PBXFileReference; lastKnownFileType = sourcecode.swift; path = "Subtask+CoreDataClass.swift"; sourceTree = "<group>"; };
		3FDCA831276F89FB0044024F /* Subtask+CoreDataProperties.swift */ = {isa = PBXFileReference; lastKnownFileType = sourcecode.swift; path = "Subtask+CoreDataProperties.swift"; sourceTree = "<group>"; };
		3FDCA832276F89FB0044024F /* ToDoItem+CoreDataClass.swift */ = {isa = PBXFileReference; lastKnownFileType = sourcecode.swift; path = "ToDoItem+CoreDataClass.swift"; sourceTree = "<group>"; };
		3FDCA833276F89FB0044024F /* ToDoItem+CoreDataProperties.swift */ = {isa = PBXFileReference; lastKnownFileType = sourcecode.swift; path = "ToDoItem+CoreDataProperties.swift"; sourceTree = "<group>"; };
		3FDCB9A42757403B00ACB317 /* ToDoVIPER.app */ = {isa = PBXFileReference; explicitFileType = wrapper.application; includeInIndex = 0; path = ToDoVIPER.app; sourceTree = BUILT_PRODUCTS_DIR; };
		3FDCB9A72757403B00ACB317 /* AppDelegate.swift */ = {isa = PBXFileReference; lastKnownFileType = sourcecode.swift; path = AppDelegate.swift; sourceTree = "<group>"; };
		3FDCB9A92757403B00ACB317 /* SceneDelegate.swift */ = {isa = PBXFileReference; lastKnownFileType = sourcecode.swift; path = SceneDelegate.swift; sourceTree = "<group>"; };
		3FDCB9B12757403B00ACB317 /* ToDoVIPER.xcdatamodel */ = {isa = PBXFileReference; lastKnownFileType = wrapper.xcdatamodel; path = ToDoVIPER.xcdatamodel; sourceTree = "<group>"; };
		3FDCB9B32757403D00ACB317 /* Assets.xcassets */ = {isa = PBXFileReference; lastKnownFileType = folder.assetcatalog; path = Assets.xcassets; sourceTree = "<group>"; };
		3FDCB9B62757403D00ACB317 /* Base */ = {isa = PBXFileReference; lastKnownFileType = file.storyboard; name = Base; path = Base.lproj/LaunchScreen.storyboard; sourceTree = "<group>"; };
		3FDCB9B82757403D00ACB317 /* Info.plist */ = {isa = PBXFileReference; lastKnownFileType = text.plist.xml; path = Info.plist; sourceTree = "<group>"; };
		3FDCB9BD2757403D00ACB317 /* ToDoVIPERTests.xctest */ = {isa = PBXFileReference; explicitFileType = wrapper.cfbundle; includeInIndex = 0; path = ToDoVIPERTests.xctest; sourceTree = BUILT_PRODUCTS_DIR; };
		3FDCB9C72757403D00ACB317 /* ToDoVIPERUITests.xctest */ = {isa = PBXFileReference; explicitFileType = wrapper.cfbundle; includeInIndex = 0; path = ToDoVIPERUITests.xctest; sourceTree = BUILT_PRODUCTS_DIR; };
		3FDCB9CB2757403D00ACB317 /* ToDoVIPERUITests.swift */ = {isa = PBXFileReference; lastKnownFileType = sourcecode.swift; path = ToDoVIPERUITests.swift; sourceTree = "<group>"; };
		3FDCB9CD2757403D00ACB317 /* ToDoVIPERUITestsLaunchTests.swift */ = {isa = PBXFileReference; lastKnownFileType = sourcecode.swift; path = ToDoVIPERUITestsLaunchTests.swift; sourceTree = "<group>"; };
		3FDCB9E32757449300ACB317 /* MainAssembler.swift */ = {isa = PBXFileReference; lastKnownFileType = sourcecode.swift; path = MainAssembler.swift; sourceTree = "<group>"; };
		3FDCB9E52757449E00ACB317 /* MainViewController.swift */ = {isa = PBXFileReference; lastKnownFileType = sourcecode.swift; path = MainViewController.swift; sourceTree = "<group>"; };
		3FDCB9E7275744A400ACB317 /* MainPresenter.swift */ = {isa = PBXFileReference; lastKnownFileType = sourcecode.swift; path = MainPresenter.swift; sourceTree = "<group>"; };
		3FDCB9E9275744A900ACB317 /* MainInteractor.swift */ = {isa = PBXFileReference; lastKnownFileType = sourcecode.swift; path = MainInteractor.swift; sourceTree = "<group>"; };
		3FDCB9EB275744B000ACB317 /* MainRouter.swift */ = {isa = PBXFileReference; lastKnownFileType = sourcecode.swift; path = MainRouter.swift; sourceTree = "<group>"; };
		3FDCB9EF2757451000ACB317 /* MainAssemblyTests.swift */ = {isa = PBXFileReference; lastKnownFileType = sourcecode.swift; path = MainAssemblyTests.swift; sourceTree = "<group>"; };
		3FDCB9F12757452500ACB317 /* MainInteractorTests.swift */ = {isa = PBXFileReference; lastKnownFileType = sourcecode.swift; path = MainInteractorTests.swift; sourceTree = "<group>"; };
		3FDCB9F32757452D00ACB317 /* MainPresenterTests.swift */ = {isa = PBXFileReference; lastKnownFileType = sourcecode.swift; path = MainPresenterTests.swift; sourceTree = "<group>"; };
		3FDCB9F52757453400ACB317 /* MainRouterTests.swift */ = {isa = PBXFileReference; lastKnownFileType = sourcecode.swift; path = MainRouterTests.swift; sourceTree = "<group>"; };
		3FDCB9F72757453D00ACB317 /* MainViewControllerTests.swift */ = {isa = PBXFileReference; lastKnownFileType = sourcecode.swift; path = MainViewControllerTests.swift; sourceTree = "<group>"; };
		3FEE8E2927648B24009CF1A0 /* EditViewController.xib */ = {isa = PBXFileReference; lastKnownFileType = file.xib; path = EditViewController.xib; sourceTree = "<group>"; };
		3FEE8E3327649DC3009CF1A0 /* Strings.swift */ = {isa = PBXFileReference; lastKnownFileType = sourcecode.swift; path = Strings.swift; sourceTree = "<group>"; };
/* End PBXFileReference section */

/* Begin PBXFrameworksBuildPhase section */
		3FDCB9A12757403B00ACB317 /* Frameworks */ = {
			isa = PBXFrameworksBuildPhase;
			buildActionMask = 2147483647;
			files = (
			);
			runOnlyForDeploymentPostprocessing = 0;
		};
		3FDCB9BA2757403D00ACB317 /* Frameworks */ = {
			isa = PBXFrameworksBuildPhase;
			buildActionMask = 2147483647;
			files = (
			);
			runOnlyForDeploymentPostprocessing = 0;
		};
		3FDCB9C42757403D00ACB317 /* Frameworks */ = {
			isa = PBXFrameworksBuildPhase;
			buildActionMask = 2147483647;
			files = (
			);
			runOnlyForDeploymentPostprocessing = 0;
		};
/* End PBXFrameworksBuildPhase section */

/* Begin PBXGroup section */
		3F29403127608CA90041738D /* Edit */ = {
			isa = PBXGroup;
			children = (
				3F29404427608D8C0041738D /* EditAssembler.swift */,
				3F29403D27608CFE0041738D /* EditInteractor.swift */,
				3F29403E27608CFE0041738D /* EditPresenter.swift */,
				3F29404627608DAA0041738D /* EditRouter.swift */,
				3F29403C27608CFE0041738D /* EditViewController.swift */,
			);
			path = Edit;
			sourceTree = "<group>";
		};
		3F6D0EC9275DDF7D001C72FA /* Storyboards */ = {
			isa = PBXGroup;
			children = (
				3FDCB9B52757403D00ACB317 /* LaunchScreen.storyboard */,
				3F6D0ECA275DDF9E001C72FA /* Main.storyboard */,
			);
			path = Storyboards;
			sourceTree = "<group>";
		};
		3FDCA838276F8BFC0044024F /* ToDoItem */ = {
			isa = PBXGroup;
			children = (
				3FDCA832276F89FB0044024F /* ToDoItem+CoreDataClass.swift */,
				3FDCA833276F89FB0044024F /* ToDoItem+CoreDataProperties.swift */,
			);
			path = ToDoItem;
			sourceTree = "<group>";
		};
		3FDCA839276F8C040044024F /* Subtask */ = {
			isa = PBXGroup;
			children = (
				3FDCA830276F89FB0044024F /* Subtask+CoreDataClass.swift */,
				3FDCA831276F89FB0044024F /* Subtask+CoreDataProperties.swift */,
			);
			path = Subtask;
			sourceTree = "<group>";
		};
		3FDCB99B2757403B00ACB317 = {
			isa = PBXGroup;
			children = (
				3F294048276091F20041738D /* README.md */,
				3FDCB9A62757403B00ACB317 /* ToDoVIPER */,
				3FDCB9C02757403D00ACB317 /* ToDoVIPERTests */,
				3FDCB9CA2757403D00ACB317 /* ToDoVIPERUITests */,
				3FDCB9A52757403B00ACB317 /* Products */,
			);
			sourceTree = "<group>";
		};
		3FDCB9A52757403B00ACB317 /* Products */ = {
			isa = PBXGroup;
			children = (
				3FDCB9A42757403B00ACB317 /* ToDoVIPER.app */,
				3FDCB9BD2757403D00ACB317 /* ToDoVIPERTests.xctest */,
				3FDCB9C72757403D00ACB317 /* ToDoVIPERUITests.xctest */,
			);
			name = Products;
			sourceTree = "<group>";
		};
		3FDCB9A62757403B00ACB317 /* ToDoVIPER */ = {
			isa = PBXGroup;
			children = (
				3FEE8E2D27648D6B009CF1A0 /* Lib */,
				3FDCB9DC275742CB00ACB317 /* Common */,
				3FDCB9E12757446C00ACB317 /* CoreData */,
				3FDCB9DA275742B600ACB317 /* Resources */,
				3FDCB9DD2757433E00ACB317 /* VIPER */,
			);
			path = ToDoVIPER;
			sourceTree = "<group>";
		};
		3FDCB9C02757403D00ACB317 /* ToDoVIPERTests */ = {
			isa = PBXGroup;
			children = (
				3FDCB9EF2757451000ACB317 /* MainAssemblyTests.swift */,
				3FDCB9F12757452500ACB317 /* MainInteractorTests.swift */,
				3FDCB9F32757452D00ACB317 /* MainPresenterTests.swift */,
				3FDCB9F52757453400ACB317 /* MainRouterTests.swift */,
				3FDCB9F72757453D00ACB317 /* MainViewControllerTests.swift */,
			);
			path = ToDoVIPERTests;
			sourceTree = "<group>";
		};
		3FDCB9CA2757403D00ACB317 /* ToDoVIPERUITests */ = {
			isa = PBXGroup;
			children = (
				3FDCB9CB2757403D00ACB317 /* ToDoVIPERUITests.swift */,
				3FDCB9CD2757403D00ACB317 /* ToDoVIPERUITestsLaunchTests.swift */,
			);
			path = ToDoVIPERUITests;
			sourceTree = "<group>";
		};
		3FDCB9DA275742B600ACB317 /* Resources */ = {
			isa = PBXGroup;
			children = (
				3FDCB9B32757403D00ACB317 /* Assets.xcassets */,
				3FDCB9B82757403D00ACB317 /* Info.plist */,
				3F6D0EC9275DDF7D001C72FA /* Storyboards */,
				3FEE8E2827648B0B009CF1A0 /* XIBs */,
			);
			path = Resources;
			sourceTree = "<group>";
		};
		3FDCB9DC275742CB00ACB317 /* Common */ = {
			isa = PBXGroup;
			children = (
				3FDCB9A72757403B00ACB317 /* AppDelegate.swift */,
				3FDCB9A92757403B00ACB317 /* SceneDelegate.swift */,
			);
			path = Common;
			sourceTree = "<group>";
		};
		3FDCB9DD2757433E00ACB317 /* VIPER */ = {
			isa = PBXGroup;
			children = (
				3F29403127608CA90041738D /* Edit */,
				3FDCB9DE2757434600ACB317 /* Main */,
			);
			path = VIPER;
			sourceTree = "<group>";
		};
		3FDCB9DE2757434600ACB317 /* Main */ = {
			isa = PBXGroup;
			children = (
				3FDCB9E32757449300ACB317 /* MainAssembler.swift */,
				3FDCB9E9275744A900ACB317 /* MainInteractor.swift */,
				3FDCB9E7275744A400ACB317 /* MainPresenter.swift */,
				3FDCB9EB275744B000ACB317 /* MainRouter.swift */,
				3FDCB9E52757449E00ACB317 /* MainViewController.swift */,
			);
			path = Main;
			sourceTree = "<group>";
		};
		3FDCB9E12757446C00ACB317 /* CoreData */ = {
			isa = PBXGroup;
			children = (
				3FDCA839276F8C040044024F /* Subtask */,
				3FDCA838276F8BFC0044024F /* ToDoItem */,
				3FDCB9B02757403B00ACB317 /* ToDoVIPER.xcdatamodeld */,
			);
			path = CoreData;
			sourceTree = "<group>";
		};
		3FEE8E2827648B0B009CF1A0 /* XIBs */ = {
			isa = PBXGroup;
			children = (
				3FEE8E2927648B24009CF1A0 /* EditViewController.xib */,
			);
			path = XIBs;
			sourceTree = "<group>";
		};
		3FEE8E2D27648D6B009CF1A0 /* Lib */ = {
			isa = PBXGroup;
			children = (
				3FEE8E3327649DC3009CF1A0 /* Strings.swift */,
				3F1D598C276B118800565A6E /* CoreDataWorker.swift */,
				3F58EAD62770595100CBACAC /* CoreDataRelayContainer.swift */,
			);
			path = Lib;
			sourceTree = "<group>";
		};
/* End PBXGroup section */

/* Begin PBXNativeTarget section */
		3FDCB9A32757403B00ACB317 /* ToDoVIPER */ = {
			isa = PBXNativeTarget;
			buildConfigurationList = 3FDCB9D12757403D00ACB317 /* Build configuration list for PBXNativeTarget "ToDoVIPER" */;
			buildPhases = (
				3FDCB9A02757403B00ACB317 /* Sources */,
				3FDCB9A12757403B00ACB317 /* Frameworks */,
				3FDCB9A22757403B00ACB317 /* Resources */,
			);
			buildRules = (
			);
			dependencies = (
			);
			name = ToDoVIPER;
			productName = ToDoVIPER;
			productReference = 3FDCB9A42757403B00ACB317 /* ToDoVIPER.app */;
			productType = "com.apple.product-type.application";
		};
		3FDCB9BC2757403D00ACB317 /* ToDoVIPERTests */ = {
			isa = PBXNativeTarget;
			buildConfigurationList = 3FDCB9D42757403D00ACB317 /* Build configuration list for PBXNativeTarget "ToDoVIPERTests" */;
			buildPhases = (
				3FDCB9B92757403D00ACB317 /* Sources */,
				3FDCB9BA2757403D00ACB317 /* Frameworks */,
				3FDCB9BB2757403D00ACB317 /* Resources */,
			);
			buildRules = (
			);
			dependencies = (
				3FDCB9BF2757403D00ACB317 /* PBXTargetDependency */,
			);
			name = ToDoVIPERTests;
			productName = ToDoVIPERTests;
			productReference = 3FDCB9BD2757403D00ACB317 /* ToDoVIPERTests.xctest */;
			productType = "com.apple.product-type.bundle.unit-test";
		};
		3FDCB9C62757403D00ACB317 /* ToDoVIPERUITests */ = {
			isa = PBXNativeTarget;
			buildConfigurationList = 3FDCB9D72757403D00ACB317 /* Build configuration list for PBXNativeTarget "ToDoVIPERUITests" */;
			buildPhases = (
				3FDCB9C32757403D00ACB317 /* Sources */,
				3FDCB9C42757403D00ACB317 /* Frameworks */,
				3FDCB9C52757403D00ACB317 /* Resources */,
			);
			buildRules = (
			);
			dependencies = (
				3FDCB9C92757403D00ACB317 /* PBXTargetDependency */,
			);
			name = ToDoVIPERUITests;
			productName = ToDoVIPERUITests;
			productReference = 3FDCB9C72757403D00ACB317 /* ToDoVIPERUITests.xctest */;
			productType = "com.apple.product-type.bundle.ui-testing";
		};
/* End PBXNativeTarget section */

/* Begin PBXProject section */
		3FDCB99C2757403B00ACB317 /* Project object */ = {
			isa = PBXProject;
			attributes = {
				BuildIndependentTargetsInParallel = 1;
				LastSwiftUpdateCheck = 1310;
				LastUpgradeCheck = 1310;
				TargetAttributes = {
					3FDCB9A32757403B00ACB317 = {
						CreatedOnToolsVersion = 13.1;
					};
					3FDCB9BC2757403D00ACB317 = {
						CreatedOnToolsVersion = 13.1;
						LastSwiftMigration = 1310;
						TestTargetID = 3FDCB9A32757403B00ACB317;
					};
					3FDCB9C62757403D00ACB317 = {
						CreatedOnToolsVersion = 13.1;
						TestTargetID = 3FDCB9A32757403B00ACB317;
					};
				};
			};
			buildConfigurationList = 3FDCB99F2757403B00ACB317 /* Build configuration list for PBXProject "ToDoVIPER" */;
			compatibilityVersion = "Xcode 12.0";
			developmentRegion = en;
			hasScannedForEncodings = 0;
			knownRegions = (
				en,
				Base,
			);
			mainGroup = 3FDCB99B2757403B00ACB317;
			productRefGroup = 3FDCB9A52757403B00ACB317 /* Products */;
			projectDirPath = "";
			projectRoot = "";
			targets = (
				3FDCB9A32757403B00ACB317 /* ToDoVIPER */,
				3FDCB9BC2757403D00ACB317 /* ToDoVIPERTests */,
				3FDCB9C62757403D00ACB317 /* ToDoVIPERUITests */,
			);
		};
/* End PBXProject section */

/* Begin PBXResourcesBuildPhase section */
		3FDCB9A22757403B00ACB317 /* Resources */ = {
			isa = PBXResourcesBuildPhase;
			buildActionMask = 2147483647;
			files = (
				3F6D0ECB275DDF9E001C72FA /* Main.storyboard in Resources */,
				3FDCB9B72757403D00ACB317 /* LaunchScreen.storyboard in Resources */,
				3FEE8E2A27648B24009CF1A0 /* EditViewController.xib in Resources */,
				3FDCB9B42757403D00ACB317 /* Assets.xcassets in Resources */,
			);
			runOnlyForDeploymentPostprocessing = 0;
		};
		3FDCB9BB2757403D00ACB317 /* Resources */ = {
			isa = PBXResourcesBuildPhase;
			buildActionMask = 2147483647;
			files = (
			);
			runOnlyForDeploymentPostprocessing = 0;
		};
		3FDCB9C52757403D00ACB317 /* Resources */ = {
			isa = PBXResourcesBuildPhase;
			buildActionMask = 2147483647;
			files = (
			);
			runOnlyForDeploymentPostprocessing = 0;
		};
/* End PBXResourcesBuildPhase section */

/* Begin PBXSourcesBuildPhase section */
		3FDCB9A02757403B00ACB317 /* Sources */ = {
			isa = PBXSourcesBuildPhase;
			buildActionMask = 2147483647;
			files = (
				3F58EAD0276F951E00CBACAC /* ToDoItem+CoreDataClass.swift in Sources */,
				3F29404127608CFE0041738D /* EditInteractor.swift in Sources */,
				3FDCB9E42757449300ACB317 /* MainAssembler.swift in Sources */,
				3FDCB9EC275744B000ACB317 /* MainRouter.swift in Sources */,
				3F58EAD1276F953700CBACAC /* ToDoItem+CoreDataProperties.swift in Sources */,
				3F58EAD72770595100CBACAC /* CoreDataRelayContainer.swift in Sources */,
				3FDCB9E8275744A400ACB317 /* MainPresenter.swift in Sources */,
				3F7E3C5A276F8E5500EB912E /* ToDoVIPER.xcdatamodeld in Sources */,
				3FDCB9A82757403B00ACB317 /* AppDelegate.swift in Sources */,
				3F1D598D276B118800565A6E /* CoreDataWorker.swift in Sources */,
				3F58EAD5276F962200CBACAC /* Subtask+CoreDataClass.swift in Sources */,
				3FEE8E3427649DC3009CF1A0 /* Strings.swift in Sources */,
				3F29404227608CFE0041738D /* EditPresenter.swift in Sources */,
				3F29404027608CFE0041738D /* EditViewController.swift in Sources */,
				3FDCB9AA2757403B00ACB317 /* SceneDelegate.swift in Sources */,
				3FDCB9EA275744A900ACB317 /* MainInteractor.swift in Sources */,
				3F58EAD4276F962200CBACAC /* Subtask+CoreDataProperties.swift in Sources */,
				3F29404527608D8C0041738D /* EditAssembler.swift in Sources */,
				3FDCB9E62757449E00ACB317 /* MainViewController.swift in Sources */,
				3F29404727608DAA0041738D /* EditRouter.swift in Sources */,
			);
			runOnlyForDeploymentPostprocessing = 0;
		};
		3FDCB9B92757403D00ACB317 /* Sources */ = {
			isa = PBXSourcesBuildPhase;
			buildActionMask = 2147483647;
			files = (
				3FDCB9F42757452D00ACB317 /* MainPresenterTests.swift in Sources */,
				3FDCB9F62757453400ACB317 /* MainRouterTests.swift in Sources */,
				3FDCB9F02757451000ACB317 /* MainAssemblyTests.swift in Sources */,
				3FDCB9F22757452500ACB317 /* MainInteractorTests.swift in Sources */,
				3FDCB9F82757453D00ACB317 /* MainViewControllerTests.swift in Sources */,
			);
			runOnlyForDeploymentPostprocessing = 0;
		};
		3FDCB9C32757403D00ACB317 /* Sources */ = {
			isa = PBXSourcesBuildPhase;
			buildActionMask = 2147483647;
			files = (
				3FDCB9CC2757403D00ACB317 /* ToDoVIPERUITests.swift in Sources */,
				3FDCB9CE2757403D00ACB317 /* ToDoVIPERUITestsLaunchTests.swift in Sources */,
			);
			runOnlyForDeploymentPostprocessing = 0;
		};
/* End PBXSourcesBuildPhase section */

/* Begin PBXTargetDependency section */
		3FDCB9BF2757403D00ACB317 /* PBXTargetDependency */ = {
			isa = PBXTargetDependency;
			target = 3FDCB9A32757403B00ACB317 /* ToDoVIPER */;
			targetProxy = 3FDCB9BE2757403D00ACB317 /* PBXContainerItemProxy */;
		};
		3FDCB9C92757403D00ACB317 /* PBXTargetDependency */ = {
			isa = PBXTargetDependency;
			target = 3FDCB9A32757403B00ACB317 /* ToDoVIPER */;
			targetProxy = 3FDCB9C82757403D00ACB317 /* PBXContainerItemProxy */;
		};
/* End PBXTargetDependency section */

/* Begin PBXVariantGroup section */
		3FDCB9B52757403D00ACB317 /* LaunchScreen.storyboard */ = {
			isa = PBXVariantGroup;
			children = (
				3FDCB9B62757403D00ACB317 /* Base */,
			);
			name = LaunchScreen.storyboard;
			sourceTree = "<group>";
		};
/* End PBXVariantGroup section */

/* Begin XCBuildConfiguration section */
		3FDCB9CF2757403D00ACB317 /* Debug */ = {
			isa = XCBuildConfiguration;
			buildSettings = {
				ALWAYS_SEARCH_USER_PATHS = NO;
				CLANG_ANALYZER_NONNULL = YES;
				CLANG_ANALYZER_NUMBER_OBJECT_CONVERSION = YES_AGGRESSIVE;
				CLANG_CXX_LANGUAGE_STANDARD = "gnu++17";
				CLANG_CXX_LIBRARY = "libc++";
				CLANG_ENABLE_MODULES = YES;
				CLANG_ENABLE_OBJC_ARC = YES;
				CLANG_ENABLE_OBJC_WEAK = YES;
				CLANG_WARN_BLOCK_CAPTURE_AUTORELEASING = YES;
				CLANG_WARN_BOOL_CONVERSION = YES;
				CLANG_WARN_COMMA = YES;
				CLANG_WARN_CONSTANT_CONVERSION = YES;
				CLANG_WARN_DEPRECATED_OBJC_IMPLEMENTATIONS = YES;
				CLANG_WARN_DIRECT_OBJC_ISA_USAGE = YES_ERROR;
				CLANG_WARN_DOCUMENTATION_COMMENTS = YES;
				CLANG_WARN_EMPTY_BODY = YES;
				CLANG_WARN_ENUM_CONVERSION = YES;
				CLANG_WARN_INFINITE_RECURSION = YES;
				CLANG_WARN_INT_CONVERSION = YES;
				CLANG_WARN_NON_LITERAL_NULL_CONVERSION = YES;
				CLANG_WARN_OBJC_IMPLICIT_RETAIN_SELF = YES;
				CLANG_WARN_OBJC_LITERAL_CONVERSION = YES;
				CLANG_WARN_OBJC_ROOT_CLASS = YES_ERROR;
				CLANG_WARN_QUOTED_INCLUDE_IN_FRAMEWORK_HEADER = YES;
				CLANG_WARN_RANGE_LOOP_ANALYSIS = YES;
				CLANG_WARN_STRICT_PROTOTYPES = YES;
				CLANG_WARN_SUSPICIOUS_MOVE = YES;
				CLANG_WARN_UNGUARDED_AVAILABILITY = YES_AGGRESSIVE;
				CLANG_WARN_UNREACHABLE_CODE = YES;
				CLANG_WARN__DUPLICATE_METHOD_MATCH = YES;
				COPY_PHASE_STRIP = NO;
				DEBUG_INFORMATION_FORMAT = dwarf;
				ENABLE_STRICT_OBJC_MSGSEND = YES;
				ENABLE_TESTABILITY = YES;
				GCC_C_LANGUAGE_STANDARD = gnu11;
				GCC_DYNAMIC_NO_PIC = NO;
				GCC_NO_COMMON_BLOCKS = YES;
				GCC_OPTIMIZATION_LEVEL = 0;
				GCC_PREPROCESSOR_DEFINITIONS = (
					"DEBUG=1",
					"$(inherited)",
				);
				GCC_WARN_64_TO_32_BIT_CONVERSION = YES;
				GCC_WARN_ABOUT_RETURN_TYPE = YES_ERROR;
				GCC_WARN_UNDECLARED_SELECTOR = YES;
				GCC_WARN_UNINITIALIZED_AUTOS = YES_AGGRESSIVE;
				GCC_WARN_UNUSED_FUNCTION = YES;
				GCC_WARN_UNUSED_VARIABLE = YES;
				IPHONEOS_DEPLOYMENT_TARGET = 15.0;
				MTL_ENABLE_DEBUG_INFO = INCLUDE_SOURCE;
				MTL_FAST_MATH = YES;
				ONLY_ACTIVE_ARCH = YES;
				SDKROOT = iphoneos;
				SWIFT_ACTIVE_COMPILATION_CONDITIONS = DEBUG;
				SWIFT_OPTIMIZATION_LEVEL = "-Onone";
			};
			name = Debug;
		};
		3FDCB9D02757403D00ACB317 /* Release */ = {
			isa = XCBuildConfiguration;
			buildSettings = {
				ALWAYS_SEARCH_USER_PATHS = NO;
				CLANG_ANALYZER_NONNULL = YES;
				CLANG_ANALYZER_NUMBER_OBJECT_CONVERSION = YES_AGGRESSIVE;
				CLANG_CXX_LANGUAGE_STANDARD = "gnu++17";
				CLANG_CXX_LIBRARY = "libc++";
				CLANG_ENABLE_MODULES = YES;
				CLANG_ENABLE_OBJC_ARC = YES;
				CLANG_ENABLE_OBJC_WEAK = YES;
				CLANG_WARN_BLOCK_CAPTURE_AUTORELEASING = YES;
				CLANG_WARN_BOOL_CONVERSION = YES;
				CLANG_WARN_COMMA = YES;
				CLANG_WARN_CONSTANT_CONVERSION = YES;
				CLANG_WARN_DEPRECATED_OBJC_IMPLEMENTATIONS = YES;
				CLANG_WARN_DIRECT_OBJC_ISA_USAGE = YES_ERROR;
				CLANG_WARN_DOCUMENTATION_COMMENTS = YES;
				CLANG_WARN_EMPTY_BODY = YES;
				CLANG_WARN_ENUM_CONVERSION = YES;
				CLANG_WARN_INFINITE_RECURSION = YES;
				CLANG_WARN_INT_CONVERSION = YES;
				CLANG_WARN_NON_LITERAL_NULL_CONVERSION = YES;
				CLANG_WARN_OBJC_IMPLICIT_RETAIN_SELF = YES;
				CLANG_WARN_OBJC_LITERAL_CONVERSION = YES;
				CLANG_WARN_OBJC_ROOT_CLASS = YES_ERROR;
				CLANG_WARN_QUOTED_INCLUDE_IN_FRAMEWORK_HEADER = YES;
				CLANG_WARN_RANGE_LOOP_ANALYSIS = YES;
				CLANG_WARN_STRICT_PROTOTYPES = YES;
				CLANG_WARN_SUSPICIOUS_MOVE = YES;
				CLANG_WARN_UNGUARDED_AVAILABILITY = YES_AGGRESSIVE;
				CLANG_WARN_UNREACHABLE_CODE = YES;
				CLANG_WARN__DUPLICATE_METHOD_MATCH = YES;
				COPY_PHASE_STRIP = NO;
				DEBUG_INFORMATION_FORMAT = "dwarf-with-dsym";
				ENABLE_NS_ASSERTIONS = NO;
				ENABLE_STRICT_OBJC_MSGSEND = YES;
				GCC_C_LANGUAGE_STANDARD = gnu11;
				GCC_NO_COMMON_BLOCKS = YES;
				GCC_WARN_64_TO_32_BIT_CONVERSION = YES;
				GCC_WARN_ABOUT_RETURN_TYPE = YES_ERROR;
				GCC_WARN_UNDECLARED_SELECTOR = YES;
				GCC_WARN_UNINITIALIZED_AUTOS = YES_AGGRESSIVE;
				GCC_WARN_UNUSED_FUNCTION = YES;
				GCC_WARN_UNUSED_VARIABLE = YES;
				IPHONEOS_DEPLOYMENT_TARGET = 15.0;
				MTL_ENABLE_DEBUG_INFO = NO;
				MTL_FAST_MATH = YES;
				SDKROOT = iphoneos;
				SWIFT_COMPILATION_MODE = wholemodule;
				SWIFT_OPTIMIZATION_LEVEL = "-O";
				VALIDATE_PRODUCT = YES;
			};
			name = Release;
		};
		3FDCB9D22757403D00ACB317 /* Debug */ = {
			isa = XCBuildConfiguration;
			buildSettings = {
				ASSETCATALOG_COMPILER_APPICON_NAME = AppIcon;
				ASSETCATALOG_COMPILER_GLOBAL_ACCENT_COLOR_NAME = AccentColor;
				CODE_SIGN_STYLE = Automatic;
				CURRENT_PROJECT_VERSION = 1;
				DEVELOPMENT_TEAM = FH9R39U9P3;
				GENERATE_INFOPLIST_FILE = YES;
				INFOPLIST_FILE = ToDoVIPER/Resources/Info.plist;
				INFOPLIST_KEY_UIApplicationSupportsIndirectInputEvents = YES;
				INFOPLIST_KEY_UILaunchStoryboardName = LaunchScreen;
				INFOPLIST_KEY_UISupportedInterfaceOrientations = UIInterfaceOrientationPortrait;
				INFOPLIST_KEY_UISupportedInterfaceOrientations_iPad = "UIInterfaceOrientationPortrait UIInterfaceOrientationPortraitUpsideDown UIInterfaceOrientationLandscapeLeft UIInterfaceOrientationLandscapeRight";
				INFOPLIST_KEY_UISupportedInterfaceOrientations_iPhone = "UIInterfaceOrientationPortrait UIInterfaceOrientationLandscapeLeft UIInterfaceOrientationLandscapeRight";
				IPHONEOS_DEPLOYMENT_TARGET = 14.4;
				LD_RUNPATH_SEARCH_PATHS = (
					"$(inherited)",
					"@executable_path/Frameworks",
				);
				MARKETING_VERSION = 1.0;
				PRODUCT_BUNDLE_IDENTIFIER = com.wcgb.2dvpr.ToDoVIPER;
				PRODUCT_NAME = "$(TARGET_NAME)";
				SWIFT_EMIT_LOC_STRINGS = YES;
				SWIFT_VERSION = 5.0;
				TARGETED_DEVICE_FAMILY = "1,2";
			};
			name = Debug;
		};
		3FDCB9D32757403D00ACB317 /* Release */ = {
			isa = XCBuildConfiguration;
			buildSettings = {
				ASSETCATALOG_COMPILER_APPICON_NAME = AppIcon;
				ASSETCATALOG_COMPILER_GLOBAL_ACCENT_COLOR_NAME = AccentColor;
				CODE_SIGN_STYLE = Automatic;
				CURRENT_PROJECT_VERSION = 1;
				DEVELOPMENT_TEAM = FH9R39U9P3;
				GENERATE_INFOPLIST_FILE = YES;
				INFOPLIST_FILE = ToDoVIPER/Resources/Info.plist;
				INFOPLIST_KEY_UIApplicationSupportsIndirectInputEvents = YES;
				INFOPLIST_KEY_UILaunchStoryboardName = LaunchScreen;
				INFOPLIST_KEY_UISupportedInterfaceOrientations = UIInterfaceOrientationPortrait;
				INFOPLIST_KEY_UISupportedInterfaceOrientations_iPad = "UIInterfaceOrientationPortrait UIInterfaceOrientationPortraitUpsideDown UIInterfaceOrientationLandscapeLeft UIInterfaceOrientationLandscapeRight";
				INFOPLIST_KEY_UISupportedInterfaceOrientations_iPhone = "UIInterfaceOrientationPortrait UIInterfaceOrientationLandscapeLeft UIInterfaceOrientationLandscapeRight";
				IPHONEOS_DEPLOYMENT_TARGET = 14.4;
				LD_RUNPATH_SEARCH_PATHS = (
					"$(inherited)",
					"@executable_path/Frameworks",
				);
				MARKETING_VERSION = 1.0;
				PRODUCT_BUNDLE_IDENTIFIER = com.wcgb.2dvpr.ToDoVIPER;
				PRODUCT_NAME = "$(TARGET_NAME)";
				SWIFT_EMIT_LOC_STRINGS = YES;
				SWIFT_VERSION = 5.0;
				TARGETED_DEVICE_FAMILY = "1,2";
			};
			name = Release;
		};
		3FDCB9D52757403D00ACB317 /* Debug */ = {
			isa = XCBuildConfiguration;
			buildSettings = {
				ALWAYS_EMBED_SWIFT_STANDARD_LIBRARIES = YES;
				BUNDLE_LOADER = "$(TEST_HOST)";
				CLANG_ENABLE_MODULES = YES;
				CODE_SIGN_STYLE = Automatic;
				CURRENT_PROJECT_VERSION = 1;
				DEVELOPMENT_TEAM = FH9R39U9P3;
				GENERATE_INFOPLIST_FILE = YES;
				IPHONEOS_DEPLOYMENT_TARGET = 15.0;
				LD_RUNPATH_SEARCH_PATHS = (
					"$(inherited)",
					"@executable_path/Frameworks",
					"@loader_path/Frameworks",
				);
				MARKETING_VERSION = 1.0;
				PRODUCT_BUNDLE_IDENTIFIER = com.wcgb.2dvpr.ToDoVIPERTests;
				PRODUCT_NAME = "$(TARGET_NAME)";
				SWIFT_EMIT_LOC_STRINGS = NO;
				SWIFT_OBJC_BRIDGING_HEADER = "";
				SWIFT_OPTIMIZATION_LEVEL = "-Onone";
				SWIFT_VERSION = 5.0;
				TARGETED_DEVICE_FAMILY = "1,2";
				TEST_HOST = "$(BUILT_PRODUCTS_DIR)/ToDoVIPER.app/ToDoVIPER";
			};
			name = Debug;
		};
		3FDCB9D62757403D00ACB317 /* Release */ = {
			isa = XCBuildConfiguration;
			buildSettings = {
				ALWAYS_EMBED_SWIFT_STANDARD_LIBRARIES = YES;
				BUNDLE_LOADER = "$(TEST_HOST)";
				CLANG_ENABLE_MODULES = YES;
				CODE_SIGN_STYLE = Automatic;
				CURRENT_PROJECT_VERSION = 1;
				DEVELOPMENT_TEAM = FH9R39U9P3;
				GENERATE_INFOPLIST_FILE = YES;
				IPHONEOS_DEPLOYMENT_TARGET = 15.0;
				LD_RUNPATH_SEARCH_PATHS = (
					"$(inherited)",
					"@executable_path/Frameworks",
					"@loader_path/Frameworks",
				);
				MARKETING_VERSION = 1.0;
				PRODUCT_BUNDLE_IDENTIFIER = com.wcgb.2dvpr.ToDoVIPERTests;
				PRODUCT_NAME = "$(TARGET_NAME)";
				SWIFT_EMIT_LOC_STRINGS = NO;
				SWIFT_OBJC_BRIDGING_HEADER = "";
				SWIFT_VERSION = 5.0;
				TARGETED_DEVICE_FAMILY = "1,2";
				TEST_HOST = "$(BUILT_PRODUCTS_DIR)/ToDoVIPER.app/ToDoVIPER";
			};
			name = Release;
		};
		3FDCB9D82757403D00ACB317 /* Debug */ = {
			isa = XCBuildConfiguration;
			buildSettings = {
				ALWAYS_EMBED_SWIFT_STANDARD_LIBRARIES = YES;
				CODE_SIGN_STYLE = Automatic;
				CURRENT_PROJECT_VERSION = 1;
				DEVELOPMENT_TEAM = FH9R39U9P3;
				GENERATE_INFOPLIST_FILE = YES;
				LD_RUNPATH_SEARCH_PATHS = (
					"$(inherited)",
					"@executable_path/Frameworks",
					"@loader_path/Frameworks",
				);
				MARKETING_VERSION = 1.0;
				PRODUCT_BUNDLE_IDENTIFIER = com.wcgb.2dvpr.ToDoVIPERUITests;
				PRODUCT_NAME = "$(TARGET_NAME)";
				SWIFT_EMIT_LOC_STRINGS = NO;
				SWIFT_VERSION = 5.0;
				TARGETED_DEVICE_FAMILY = "1,2";
				TEST_TARGET_NAME = ToDoVIPER;
			};
			name = Debug;
		};
		3FDCB9D92757403D00ACB317 /* Release */ = {
			isa = XCBuildConfiguration;
			buildSettings = {
				ALWAYS_EMBED_SWIFT_STANDARD_LIBRARIES = YES;
				CODE_SIGN_STYLE = Automatic;
				CURRENT_PROJECT_VERSION = 1;
				DEVELOPMENT_TEAM = FH9R39U9P3;
				GENERATE_INFOPLIST_FILE = YES;
				LD_RUNPATH_SEARCH_PATHS = (
					"$(inherited)",
					"@executable_path/Frameworks",
					"@loader_path/Frameworks",
				);
				MARKETING_VERSION = 1.0;
				PRODUCT_BUNDLE_IDENTIFIER = com.wcgb.2dvpr.ToDoVIPERUITests;
				PRODUCT_NAME = "$(TARGET_NAME)";
				SWIFT_EMIT_LOC_STRINGS = NO;
				SWIFT_VERSION = 5.0;
				TARGETED_DEVICE_FAMILY = "1,2";
				TEST_TARGET_NAME = ToDoVIPER;
			};
			name = Release;
		};
/* End XCBuildConfiguration section */

/* Begin XCConfigurationList section */
		3FDCB99F2757403B00ACB317 /* Build configuration list for PBXProject "ToDoVIPER" */ = {
			isa = XCConfigurationList;
			buildConfigurations = (
				3FDCB9CF2757403D00ACB317 /* Debug */,
				3FDCB9D02757403D00ACB317 /* Release */,
			);
			defaultConfigurationIsVisible = 0;
			defaultConfigurationName = Release;
		};
		3FDCB9D12757403D00ACB317 /* Build configuration list for PBXNativeTarget "ToDoVIPER" */ = {
			isa = XCConfigurationList;
			buildConfigurations = (
				3FDCB9D22757403D00ACB317 /* Debug */,
				3FDCB9D32757403D00ACB317 /* Release */,
			);
			defaultConfigurationIsVisible = 0;
			defaultConfigurationName = Release;
		};
		3FDCB9D42757403D00ACB317 /* Build configuration list for PBXNativeTarget "ToDoVIPERTests" */ = {
			isa = XCConfigurationList;
			buildConfigurations = (
				3FDCB9D52757403D00ACB317 /* Debug */,
				3FDCB9D62757403D00ACB317 /* Release */,
			);
			defaultConfigurationIsVisible = 0;
			defaultConfigurationName = Release;
		};
		3FDCB9D72757403D00ACB317 /* Build configuration list for PBXNativeTarget "ToDoVIPERUITests" */ = {
			isa = XCConfigurationList;
			buildConfigurations = (
				3FDCB9D82757403D00ACB317 /* Debug */,
				3FDCB9D92757403D00ACB317 /* Release */,
			);
			defaultConfigurationIsVisible = 0;
			defaultConfigurationName = Release;
		};
/* End XCConfigurationList section */

/* Begin XCVersionGroup section */
		3FDCB9B02757403B00ACB317 /* ToDoVIPER.xcdatamodeld */ = {
			isa = XCVersionGroup;
			children = (
				3FDCB9B12757403B00ACB317 /* ToDoVIPER.xcdatamodel */,
			);
			currentVersion = 3FDCB9B12757403B00ACB317 /* ToDoVIPER.xcdatamodel */;
			path = ToDoVIPER.xcdatamodeld;
			sourceTree = "<group>";
			versionGroupType = wrapper.xcdatamodel;
		};
/* End XCVersionGroup section */
	};
	rootObject = 3FDCB99C2757403B00ACB317 /* Project object */;
}
